// !$*UTF8*$!
{
	archiveVersion = 1;
	classes = {
	};
	objectVersion = 77;
	objects = {

/* Begin PBXBuildFile section */
		AA6685C52DD535B0009E1B7C /* Assets.xcassets in Resources */ = {isa = PBXBuildFile; fileRef = AA6685C02DD535B0009E1B7C /* Assets.xcassets */; };
		AA6685C62DD535B0009E1B7C /* ContentView.swift in Sources */ = {isa = PBXBuildFile; fileRef = AA6685C12DD535B0009E1B7C /* ContentView.swift */; };
		AA6685C72DD535B0009E1B7C /* TournamentDetailsApp.swift in Sources */ = {isa = PBXBuildFile; fileRef = AA6685C22DD535B0009E1B7C /* TournamentDetailsApp.swift */; };
		AA6685C82DD535B0009E1B7C /* VgGoSingleDay.swift in Sources */ = {isa = PBXBuildFile; fileRef = AA6685C32DD535B0009E1B7C /* VgGoSingleDay.swift */; };
		AA6685CB2DD535EF009E1B7C /* TcgSwissOnly.swift in Sources */ = {isa = PBXBuildFile; fileRef = AA6685CA2DD535EF009E1B7C /* TcgSwissOnly.swift */; };
		AA6685CD2DD5360C009E1B7C /* TcgSingleDay.swift in Sources */ = {isa = PBXBuildFile; fileRef = AA6685CC2DD5360C009E1B7C /* TcgSingleDay.swift */; };
		AA6685CF2DD53683009E1B7C /* ChampionshipSeries.swift in Sources */ = {isa = PBXBuildFile; fileRef = AA6685CE2DD53683009E1B7C /* ChampionshipSeries.swift */; };
		AA6685D12DD5393B009E1B7C /* InfoPanelChampionshipSeries.swift in Sources */ = {isa = PBXBuildFile; fileRef = AA6685D02DD5393B009E1B7C /* InfoPanelChampionshipSeries.swift */; };
		AA6685D42DD5401F009E1B7C /* TourInfoChampionshipSeries.swift in Sources */ = {isa = PBXBuildFile; fileRef = AA6685D32DD5401F009E1B7C /* TourInfoChampionshipSeries.swift */; };
		AA6685D72DD55A53009E1B7C /* InfoPanelVgGo.swift in Sources */ = {isa = PBXBuildFile; fileRef = AA6685D62DD55A53009E1B7C /* InfoPanelVgGo.swift */; };
		AA6685D92DD55C5F009E1B7C /* TourInfoVgGo.swift in Sources */ = {isa = PBXBuildFile; fileRef = AA6685D82DD55C5F009E1B7C /* TourInfoVgGo.swift */; };
		AA6685DC2DD56177009E1B7C /* InfoPanelAllTournaments.swift in Sources */ = {isa = PBXBuildFile; fileRef = AA6685DB2DD56177009E1B7C /* InfoPanelAllTournaments.swift */; };
		AA6685DF2DD5639B009E1B7C /* InfoPanelTcgSingleDay.swift in Sources */ = {isa = PBXBuildFile; fileRef = AA6685DE2DD5639B009E1B7C /* InfoPanelTcgSingleDay.swift */; };
		AA6685E12DD563AE009E1B7C /* TourInfoTcgSingleDay.swift in Sources */ = {isa = PBXBuildFile; fileRef = AA6685E02DD563AE009E1B7C /* TourInfoTcgSingleDay.swift */; };
		AA6685E62DD5661F009E1B7C /* InfoPanelTcgSwissOnly.swift in Sources */ = {isa = PBXBuildFile; fileRef = AA6685E52DD5661F009E1B7C /* InfoPanelTcgSwissOnly.swift */; };
		AA6685EA2DD5666C009E1B7C /* TourInfoTcgSwissOnly.swift in Sources */ = {isa = PBXBuildFile; fileRef = AA6685E92DD5666C009E1B7C /* TourInfoTcgSwissOnly.swift */; };
		AAB016102DD662D400692812 /* Phase2DataChampionshipSeries.swift in Sources */ = {isa = PBXBuildFile; fileRef = AAB0160F2DD662D400692812 /* Phase2DataChampionshipSeries.swift */; };
/* End PBXBuildFile section */

/* Begin PBXFileReference section */
		AA6685922DD534D9009E1B7C /* TournamentDetails.app */ = {isa = PBXFileReference; explicitFileType = wrapper.application; includeInIndex = 0; path = TournamentDetails.app; sourceTree = BUILT_PRODUCTS_DIR; };
		AA6685C02DD535B0009E1B7C /* Assets.xcassets */ = {isa = PBXFileReference; lastKnownFileType = folder.assetcatalog; path = Assets.xcassets; sourceTree = "<group>"; };
		AA6685C12DD535B0009E1B7C /* ContentView.swift */ = {isa = PBXFileReference; lastKnownFileType = sourcecode.swift; path = ContentView.swift; sourceTree = "<group>"; };
		AA6685C22DD535B0009E1B7C /* TournamentDetailsApp.swift */ = {isa = PBXFileReference; lastKnownFileType = sourcecode.swift; path = TournamentDetailsApp.swift; sourceTree = "<group>"; };
		AA6685C32DD535B0009E1B7C /* VgGoSingleDay.swift */ = {isa = PBXFileReference; lastKnownFileType = sourcecode.swift; path = VgGoSingleDay.swift; sourceTree = "<group>"; };
		AA6685CA2DD535EF009E1B7C /* TcgSwissOnly.swift */ = {isa = PBXFileReference; lastKnownFileType = sourcecode.swift; path = TcgSwissOnly.swift; sourceTree = "<group>"; };
		AA6685CC2DD5360C009E1B7C /* TcgSingleDay.swift */ = {isa = PBXFileReference; lastKnownFileType = sourcecode.swift; path = TcgSingleDay.swift; sourceTree = "<group>"; };
		AA6685CE2DD53683009E1B7C /* ChampionshipSeries.swift */ = {isa = PBXFileReference; lastKnownFileType = sourcecode.swift; path = ChampionshipSeries.swift; sourceTree = "<group>"; };
		AA6685D02DD5393B009E1B7C /* InfoPanelChampionshipSeries.swift */ = {isa = PBXFileReference; lastKnownFileType = sourcecode.swift; path = InfoPanelChampionshipSeries.swift; sourceTree = "<group>"; };
		AA6685D32DD5401F009E1B7C /* TourInfoChampionshipSeries.swift */ = {isa = PBXFileReference; lastKnownFileType = sourcecode.swift; path = TourInfoChampionshipSeries.swift; sourceTree = "<group>"; };
		AA6685D62DD55A53009E1B7C /* InfoPanelVgGo.swift */ = {isa = PBXFileReference; lastKnownFileType = sourcecode.swift; path = InfoPanelVgGo.swift; sourceTree = "<group>"; };
		AA6685D82DD55C5F009E1B7C /* TourInfoVgGo.swift */ = {isa = PBXFileReference; lastKnownFileType = sourcecode.swift; path = TourInfoVgGo.swift; sourceTree = "<group>"; };
		AA6685DB2DD56177009E1B7C /* InfoPanelAllTournaments.swift */ = {isa = PBXFileReference; lastKnownFileType = sourcecode.swift; path = InfoPanelAllTournaments.swift; sourceTree = "<group>"; };
		AA6685DE2DD5639B009E1B7C /* InfoPanelTcgSingleDay.swift */ = {isa = PBXFileReference; lastKnownFileType = sourcecode.swift; path = InfoPanelTcgSingleDay.swift; sourceTree = "<group>"; };
		AA6685E02DD563AE009E1B7C /* TourInfoTcgSingleDay.swift */ = {isa = PBXFileReference; lastKnownFileType = sourcecode.swift; path = TourInfoTcgSingleDay.swift; sourceTree = "<group>"; };
		AA6685E52DD5661F009E1B7C /* InfoPanelTcgSwissOnly.swift */ = {isa = PBXFileReference; lastKnownFileType = sourcecode.swift; path = InfoPanelTcgSwissOnly.swift; sourceTree = "<group>"; };
		AA6685E92DD5666C009E1B7C /* TourInfoTcgSwissOnly.swift */ = {isa = PBXFileReference; lastKnownFileType = sourcecode.swift; path = TourInfoTcgSwissOnly.swift; sourceTree = "<group>"; };
		AA6685EB2DD57101009E1B7C /* Info.plist */ = {isa = PBXFileReference; lastKnownFileType = text.plist; path = Info.plist; sourceTree = "<group>"; };
		AAB0160F2DD662D400692812 /* Phase2DataChampionshipSeries.swift */ = {isa = PBXFileReference; lastKnownFileType = sourcecode.swift; path = Phase2DataChampionshipSeries.swift; sourceTree = "<group>"; };
/* End PBXFileReference section */

/* Begin PBXFrameworksBuildPhase section */
		AA66858F2DD534D9009E1B7C /* Frameworks */ = {
			isa = PBXFrameworksBuildPhase;
			buildActionMask = 2147483647;
			files = (
			);
			runOnlyForDeploymentPostprocessing = 0;
		};
/* End PBXFrameworksBuildPhase section */

/* Begin PBXGroup section */
		AA6685892DD534D9009E1B7C = {
			isa = PBXGroup;
			children = (
				AA6685C42DD535B0009E1B7C /* TournamentDetails */,
				AA6685C22DD535B0009E1B7C /* TournamentDetailsApp.swift */,
				AA6685C12DD535B0009E1B7C /* ContentView.swift */,
				AA6685C02DD535B0009E1B7C /* Assets.xcassets */,
				AA6685932DD534D9009E1B7C /* Products */,
			);
			sourceTree = "<group>";
		};
		AA6685932DD534D9009E1B7C /* Products */ = {
			isa = PBXGroup;
			children = (
				AA6685922DD534D9009E1B7C /* TournamentDetails.app */,
			);
			name = Products;
			sourceTree = "<group>";
		};
		AA6685C42DD535B0009E1B7C /* TournamentDetails */ = {
			isa = PBXGroup;
			children = (
				AA6685EB2DD57101009E1B7C /* Info.plist */,
				AA6685DA2DD56142009E1B7C /* Combined */,
				AA6685E42DD565F5009E1B7C /* TCGSwissOnly */,
				AA6685DD2DD56350009E1B7C /* TcgSingleDay */,
				AA6685D22DD53944009E1B7C /* ChampionshipSeries */,
				AA6685D52DD55A1A009E1B7C /* VgAndGo */,
				AA6685C92DD535BE009E1B7C /* VariantCalculators */,
			);
			path = TournamentDetails;
			sourceTree = "<group>";
		};
		AA6685C92DD535BE009E1B7C /* VariantCalculators */ = {
			isa = PBXGroup;
			children = (
				AA6685C32DD535B0009E1B7C /* VgGoSingleDay.swift */,
				AA6685CE2DD53683009E1B7C /* ChampionshipSeries.swift */,
				AA6685CA2DD535EF009E1B7C /* TcgSwissOnly.swift */,
				AA6685CC2DD5360C009E1B7C /* TcgSingleDay.swift */,
			);
			path = VariantCalculators;
			sourceTree = "<group>";
		};
		AA6685D22DD53944009E1B7C /* ChampionshipSeries */ = {
			isa = PBXGroup;
			children = (
				AA6685D02DD5393B009E1B7C /* InfoPanelChampionshipSeries.swift */,
				AA6685D32DD5401F009E1B7C /* TourInfoChampionshipSeries.swift */,
				AAB0160F2DD662D400692812 /* Phase2DataChampionshipSeries.swift */,
			);
			path = ChampionshipSeries;
			sourceTree = "<group>";
		};
		AA6685D52DD55A1A009E1B7C /* VgAndGo */ = {
			isa = PBXGroup;
			children = (
				AA6685D62DD55A53009E1B7C /* InfoPanelVgGo.swift */,
				AA6685D82DD55C5F009E1B7C /* TourInfoVgGo.swift */,
			);
			path = VgAndGo;
			sourceTree = "<group>";
		};
		AA6685DA2DD56142009E1B7C /* Combined */ = {
			isa = PBXGroup;
			children = (
				AA6685DB2DD56177009E1B7C /* InfoPanelAllTournaments.swift */,
			);
			path = Combined;
			sourceTree = "<group>";
		};
		AA6685DD2DD56350009E1B7C /* TcgSingleDay */ = {
			isa = PBXGroup;
			children = (
				AA6685DE2DD5639B009E1B7C /* InfoPanelTcgSingleDay.swift */,
				AA6685E02DD563AE009E1B7C /* TourInfoTcgSingleDay.swift */,
			);
			path = TcgSingleDay;
			sourceTree = "<group>";
		};
		AA6685E42DD565F5009E1B7C /* TCGSwissOnly */ = {
			isa = PBXGroup;
			children = (
				AA6685E52DD5661F009E1B7C /* InfoPanelTcgSwissOnly.swift */,
				AA6685E92DD5666C009E1B7C /* TourInfoTcgSwissOnly.swift */,
			);
			path = TCGSwissOnly;
			sourceTree = "<group>";
		};
/* End PBXGroup section */

/* Begin PBXNativeTarget section */
		AA6685912DD534D9009E1B7C /* TournamentDetails */ = {
			isa = PBXNativeTarget;
			buildConfigurationList = AA66859D2DD534DA009E1B7C /* Build configuration list for PBXNativeTarget "TournamentDetails" */;
			buildPhases = (
				AA66858E2DD534D9009E1B7C /* Sources */,
				AA66858F2DD534D9009E1B7C /* Frameworks */,
				AA6685902DD534D9009E1B7C /* Resources */,
			);
			buildRules = (
			);
			dependencies = (
			);
			name = TournamentDetails;
			packageProductDependencies = (
			);
			productName = TournamentDetails;
			productReference = AA6685922DD534D9009E1B7C /* TournamentDetails.app */;
			productType = "com.apple.product-type.application";
		};
/* End PBXNativeTarget section */

/* Begin PBXProject section */
		AA66858A2DD534D9009E1B7C /* Project object */ = {
			isa = PBXProject;
			attributes = {
				BuildIndependentTargetsInParallel = 1;
				LastSwiftUpdateCheck = 1630;
				LastUpgradeCheck = 1630;
				TargetAttributes = {
					AA6685912DD534D9009E1B7C = {
						CreatedOnToolsVersion = 16.3;
					};
				};
			};
			buildConfigurationList = AA66858D2DD534D9009E1B7C /* Build configuration list for PBXProject "TournamentDetails" */;
			developmentRegion = en;
			hasScannedForEncodings = 0;
			knownRegions = (
				en,
				Base,
			);
			mainGroup = AA6685892DD534D9009E1B7C;
			minimizedProjectReferenceProxies = 1;
			preferredProjectObjectVersion = 77;
			productRefGroup = AA6685932DD534D9009E1B7C /* Products */;
			projectDirPath = "";
			projectRoot = "";
			targets = (
				AA6685912DD534D9009E1B7C /* TournamentDetails */,
			);
		};
/* End PBXProject section */

/* Begin PBXResourcesBuildPhase section */
		AA6685902DD534D9009E1B7C /* Resources */ = {
			isa = PBXResourcesBuildPhase;
			buildActionMask = 2147483647;
			files = (
				AA6685C52DD535B0009E1B7C /* Assets.xcassets in Resources */,
			);
			runOnlyForDeploymentPostprocessing = 0;
		};
/* End PBXResourcesBuildPhase section */

/* Begin PBXSourcesBuildPhase section */
		AA66858E2DD534D9009E1B7C /* Sources */ = {
			isa = PBXSourcesBuildPhase;
			buildActionMask = 2147483647;
			files = (
				AA6685D72DD55A53009E1B7C /* InfoPanelVgGo.swift in Sources */,
				AA6685C62DD535B0009E1B7C /* ContentView.swift in Sources */,
				AA6685CF2DD53683009E1B7C /* ChampionshipSeries.swift in Sources */,
				AA6685C72DD535B0009E1B7C /* TournamentDetailsApp.swift in Sources */,
				AA6685CB2DD535EF009E1B7C /* TcgSwissOnly.swift in Sources */,
				AAB016102DD662D400692812 /* Phase2DataChampionshipSeries.swift in Sources */,
				AA6685E62DD5661F009E1B7C /* InfoPanelTcgSwissOnly.swift in Sources */,
				AA6685D12DD5393B009E1B7C /* InfoPanelChampionshipSeries.swift in Sources */,
				AA6685E12DD563AE009E1B7C /* TourInfoTcgSingleDay.swift in Sources */,
				AA6685C82DD535B0009E1B7C /* VgGoSingleDay.swift in Sources */,
				AA6685EA2DD5666C009E1B7C /* TourInfoTcgSwissOnly.swift in Sources */,
				AA6685D42DD5401F009E1B7C /* TourInfoChampionshipSeries.swift in Sources */,
				AA6685DF2DD5639B009E1B7C /* InfoPanelTcgSingleDay.swift in Sources */,
				AA6685D92DD55C5F009E1B7C /* TourInfoVgGo.swift in Sources */,
				AA6685CD2DD5360C009E1B7C /* TcgSingleDay.swift in Sources */,
				AA6685DC2DD56177009E1B7C /* InfoPanelAllTournaments.swift in Sources */,
			);
			runOnlyForDeploymentPostprocessing = 0;
		};
/* End PBXSourcesBuildPhase section */

/* Begin XCBuildConfiguration section */
		AA66859B2DD534DA009E1B7C /* Debug */ = {
			isa = XCBuildConfiguration;
			buildSettings = {
				ALWAYS_SEARCH_USER_PATHS = NO;
				ASSETCATALOG_COMPILER_GENERATE_SWIFT_ASSET_SYMBOL_EXTENSIONS = YES;
				CLANG_ANALYZER_NONNULL = YES;
				CLANG_ANALYZER_NUMBER_OBJECT_CONVERSION = YES_AGGRESSIVE;
				CLANG_CXX_LANGUAGE_STANDARD = "gnu++20";
				CLANG_ENABLE_MODULES = YES;
				CLANG_ENABLE_OBJC_ARC = YES;
				CLANG_ENABLE_OBJC_WEAK = YES;
				CLANG_WARN_BLOCK_CAPTURE_AUTORELEASING = YES;
				CLANG_WARN_BOOL_CONVERSION = YES;
				CLANG_WARN_COMMA = YES;
				CLANG_WARN_CONSTANT_CONVERSION = YES;
				CLANG_WARN_DEPRECATED_OBJC_IMPLEMENTATIONS = YES;
				CLANG_WARN_DIRECT_OBJC_ISA_USAGE = YES_ERROR;
				CLANG_WARN_DOCUMENTATION_COMMENTS = YES;
				CLANG_WARN_EMPTY_BODY = YES;
				CLANG_WARN_ENUM_CONVERSION = YES;
				CLANG_WARN_INFINITE_RECURSION = YES;
				CLANG_WARN_INT_CONVERSION = YES;
				CLANG_WARN_NON_LITERAL_NULL_CONVERSION = YES;
				CLANG_WARN_OBJC_IMPLICIT_RETAIN_SELF = YES;
				CLANG_WARN_OBJC_LITERAL_CONVERSION = YES;
				CLANG_WARN_OBJC_ROOT_CLASS = YES_ERROR;
				CLANG_WARN_QUOTED_INCLUDE_IN_FRAMEWORK_HEADER = YES;
				CLANG_WARN_RANGE_LOOP_ANALYSIS = YES;
				CLANG_WARN_STRICT_PROTOTYPES = YES;
				CLANG_WARN_SUSPICIOUS_MOVE = YES;
				CLANG_WARN_UNGUARDED_AVAILABILITY = YES_AGGRESSIVE;
				CLANG_WARN_UNREACHABLE_CODE = YES;
				CLANG_WARN__DUPLICATE_METHOD_MATCH = YES;
				COPY_PHASE_STRIP = NO;
				DEBUG_INFORMATION_FORMAT = dwarf;
				DEVELOPMENT_TEAM = 3H9LSZU9FW;
				ENABLE_STRICT_OBJC_MSGSEND = YES;
				ENABLE_TESTABILITY = YES;
				ENABLE_USER_SCRIPT_SANDBOXING = YES;
				GCC_C_LANGUAGE_STANDARD = gnu17;
				GCC_DYNAMIC_NO_PIC = NO;
				GCC_NO_COMMON_BLOCKS = YES;
				GCC_OPTIMIZATION_LEVEL = 0;
				GCC_PREPROCESSOR_DEFINITIONS = (
					"DEBUG=1",
					"$(inherited)",
				);
				GCC_WARN_64_TO_32_BIT_CONVERSION = YES;
				GCC_WARN_ABOUT_RETURN_TYPE = YES_ERROR;
				GCC_WARN_UNDECLARED_SELECTOR = YES;
				GCC_WARN_UNINITIALIZED_AUTOS = YES_AGGRESSIVE;
				GCC_WARN_UNUSED_FUNCTION = YES;
				GCC_WARN_UNUSED_VARIABLE = YES;
				IPHONEOS_DEPLOYMENT_TARGET = 18.4;
				LOCALIZATION_PREFERS_STRING_CATALOGS = YES;
				MTL_ENABLE_DEBUG_INFO = INCLUDE_SOURCE;
				MTL_FAST_MATH = YES;
				ONLY_ACTIVE_ARCH = YES;
				SDKROOT = iphoneos;
				SWIFT_ACTIVE_COMPILATION_CONDITIONS = "DEBUG $(inherited)";
				SWIFT_OPTIMIZATION_LEVEL = "-Onone";
			};
			name = Debug;
		};
		AA66859C2DD534DA009E1B7C /* Release */ = {
			isa = XCBuildConfiguration;
			buildSettings = {
				ALWAYS_SEARCH_USER_PATHS = NO;
				ASSETCATALOG_COMPILER_GENERATE_SWIFT_ASSET_SYMBOL_EXTENSIONS = YES;
				CLANG_ANALYZER_NONNULL = YES;
				CLANG_ANALYZER_NUMBER_OBJECT_CONVERSION = YES_AGGRESSIVE;
				CLANG_CXX_LANGUAGE_STANDARD = "gnu++20";
				CLANG_ENABLE_MODULES = YES;
				CLANG_ENABLE_OBJC_ARC = YES;
				CLANG_ENABLE_OBJC_WEAK = YES;
				CLANG_WARN_BLOCK_CAPTURE_AUTORELEASING = YES;
				CLANG_WARN_BOOL_CONVERSION = YES;
				CLANG_WARN_COMMA = YES;
				CLANG_WARN_CONSTANT_CONVERSION = YES;
				CLANG_WARN_DEPRECATED_OBJC_IMPLEMENTATIONS = YES;
				CLANG_WARN_DIRECT_OBJC_ISA_USAGE = YES_ERROR;
				CLANG_WARN_DOCUMENTATION_COMMENTS = YES;
				CLANG_WARN_EMPTY_BODY = YES;
				CLANG_WARN_ENUM_CONVERSION = YES;
				CLANG_WARN_INFINITE_RECURSION = YES;
				CLANG_WARN_INT_CONVERSION = YES;
				CLANG_WARN_NON_LITERAL_NULL_CONVERSION = YES;
				CLANG_WARN_OBJC_IMPLICIT_RETAIN_SELF = YES;
				CLANG_WARN_OBJC_LITERAL_CONVERSION = YES;
				CLANG_WARN_OBJC_ROOT_CLASS = YES_ERROR;
				CLANG_WARN_QUOTED_INCLUDE_IN_FRAMEWORK_HEADER = YES;
				CLANG_WARN_RANGE_LOOP_ANALYSIS = YES;
				CLANG_WARN_STRICT_PROTOTYPES = YES;
				CLANG_WARN_SUSPICIOUS_MOVE = YES;
				CLANG_WARN_UNGUARDED_AVAILABILITY = YES_AGGRESSIVE;
				CLANG_WARN_UNREACHABLE_CODE = YES;
				CLANG_WARN__DUPLICATE_METHOD_MATCH = YES;
				COPY_PHASE_STRIP = NO;
				DEBUG_INFORMATION_FORMAT = "dwarf-with-dsym";
				DEVELOPMENT_TEAM = 3H9LSZU9FW;
				ENABLE_NS_ASSERTIONS = NO;
				ENABLE_STRICT_OBJC_MSGSEND = YES;
				ENABLE_USER_SCRIPT_SANDBOXING = YES;
				GCC_C_LANGUAGE_STANDARD = gnu17;
				GCC_NO_COMMON_BLOCKS = YES;
				GCC_WARN_64_TO_32_BIT_CONVERSION = YES;
				GCC_WARN_ABOUT_RETURN_TYPE = YES_ERROR;
				GCC_WARN_UNDECLARED_SELECTOR = YES;
				GCC_WARN_UNINITIALIZED_AUTOS = YES_AGGRESSIVE;
				GCC_WARN_UNUSED_FUNCTION = YES;
				GCC_WARN_UNUSED_VARIABLE = YES;
				IPHONEOS_DEPLOYMENT_TARGET = 18.4;
				LOCALIZATION_PREFERS_STRING_CATALOGS = YES;
				MTL_ENABLE_DEBUG_INFO = NO;
				MTL_FAST_MATH = YES;
				SDKROOT = iphoneos;
				SWIFT_COMPILATION_MODE = wholemodule;
				VALIDATE_PRODUCT = YES;
			};
			name = Release;
		};
		AA66859E2DD534DA009E1B7C /* Debug */ = {
			isa = XCBuildConfiguration;
			buildSettings = {
				ASSETCATALOG_COMPILER_APPICON_NAME = AppIcon;
				ASSETCATALOG_COMPILER_GLOBAL_ACCENT_COLOR_NAME = AccentColor;
				CODE_SIGN_STYLE = Automatic;
				CURRENT_PROJECT_VERSION = 1;
				DEVELOPMENT_TEAM = 3H9LSZU9FW;
				ENABLE_PREVIEWS = YES;
				GENERATE_INFOPLIST_FILE = YES;
				INFOPLIST_FILE = TournamentDetails/Info.plist;
				INFOPLIST_KEY_CFBundleDisplayName = "Tournament Details";
				INFOPLIST_KEY_UIApplicationSceneManifest_Generation = YES;
				INFOPLIST_KEY_UIApplicationSupportsIndirectInputEvents = YES;
				INFOPLIST_KEY_UISupportedInterfaceOrientations_iPad = "UIInterfaceOrientationPortrait UIInterfaceOrientationPortraitUpsideDown UIInterfaceOrientationLandscapeLeft UIInterfaceOrientationLandscapeRight";
				INFOPLIST_KEY_UISupportedInterfaceOrientations_iPhone = "UIInterfaceOrientationPortrait UIInterfaceOrientationLandscapeLeft UIInterfaceOrientationLandscapeRight";
				LD_RUNPATH_SEARCH_PATHS = (
					"$(inherited)",
					"@executable_path/Frameworks",
				);
				MARKETING_VERSION = 1.0;
				PRODUCT_BUNDLE_IDENTIFIER = SummitCityGym.TournamentDetails;
				PRODUCT_NAME = "$(TARGET_NAME)";
				SWIFT_EMIT_LOC_STRINGS = YES;
				SWIFT_VERSION = 5.0;
				TARGETED_DEVICE_FAMILY = "1,2";
			};
			name = Debug;
		};
		AA66859F2DD534DA009E1B7C /* Release */ = {
			isa = XCBuildConfiguration;
			buildSettings = {
				ASSETCATALOG_COMPILER_APPICON_NAME = AppIcon;
				ASSETCATALOG_COMPILER_GLOBAL_ACCENT_COLOR_NAME = AccentColor;
				CODE_SIGN_STYLE = Automatic;
				CURRENT_PROJECT_VERSION = 1;
				DEVELOPMENT_TEAM = 3H9LSZU9FW;
				ENABLE_PREVIEWS = YES;
				GENERATE_INFOPLIST_FILE = YES;
				INFOPLIST_FILE = TournamentDetails/Info.plist;
				INFOPLIST_KEY_CFBundleDisplayName = "Tournament Details";
				INFOPLIST_KEY_UIApplicationSceneManifest_Generation = YES;
				INFOPLIST_KEY_UIApplicationSupportsIndirectInputEvents = YES;
				INFOPLIST_KEY_UISupportedInterfaceOrientations_iPad = "UIInterfaceOrientationPortrait UIInterfaceOrientationPortraitUpsideDown UIInterfaceOrientationLandscapeLeft UIInterfaceOrientationLandscapeRight";
				INFOPLIST_KEY_UISupportedInterfaceOrientations_iPhone = "UIInterfaceOrientationPortrait UIInterfaceOrientationLandscapeLeft UIInterfaceOrientationLandscapeRight";
				LD_RUNPATH_SEARCH_PATHS = (
					"$(inherited)",
					"@executable_path/Frameworks",
				);
				MARKETING_VERSION = 1.0;
				PRODUCT_BUNDLE_IDENTIFIER = SummitCityGym.TournamentDetails;
				PRODUCT_NAME = "$(TARGET_NAME)";
				SWIFT_EMIT_LOC_STRINGS = YES;
				SWIFT_VERSION = 5.0;
				TARGETED_DEVICE_FAMILY = "1,2";
			};
			name = Release;
		};
/* End XCBuildConfiguration section */

/* Begin XCConfigurationList section */
		AA66858D2DD534D9009E1B7C /* Build configuration list for PBXProject "TournamentDetails" */ = {
			isa = XCConfigurationList;
			buildConfigurations = (
				AA66859B2DD534DA009E1B7C /* Debug */,
				AA66859C2DD534DA009E1B7C /* Release */,
			);
			defaultConfigurationIsVisible = 0;
			defaultConfigurationName = Release;
		};
		AA66859D2DD534DA009E1B7C /* Build configuration list for PBXNativeTarget "TournamentDetails" */ = {
			isa = XCConfigurationList;
			buildConfigurations = (
				AA66859E2DD534DA009E1B7C /* Debug */,
				AA66859F2DD534DA009E1B7C /* Release */,
			);
			defaultConfigurationIsVisible = 0;
			defaultConfigurationName = Release;
		};
/* End XCConfigurationList section */
	};
	rootObject = AA66858A2DD534D9009E1B7C /* Project object */;
}
